Microsoft Visual Studio Solution File, Format Version 12.00
Project("{FAE04EC0-301F-11D3-BF4B-00C04F79EFBC}") = "WebApp", "WebApp\WebApp.csproj", "{19A308B2-04E9-44DA-9291-E2C0BC3C8621}"
EndProject
Project("{FAE04EC0-301F-11D3-BF4B-00C04F79EFBC}") = "DAL.App.EF", "DAL.App.EF\DAL.App.EF.csproj", "{F60600BD-8026-4E7C-95F6-B94CCD5730C4}"
EndProject
Project("{FAE04EC0-301F-11D3-BF4B-00C04F79EFBC}") = "Domain", "Domain\Domain.csproj", "{CCC76FF0-D88D-4C64-84C0-AE7B8BD9F3CD}"
EndProject
Project("{FAE04EC0-301F-11D3-BF4B-00C04F79EFBC}") = "Contracts.DAL.App", "Contracts.DAL.App\Contracts.DAL.App.csproj", "{E018D38D-65B1-48B7-9171-E8C3D3CE6305}"
EndProject
Project("{FAE04EC0-301F-11D3-BF4B-00C04F79EFBC}") = "PublicApi.DTO", "PublicApi.DTO\PublicApi.DTO.csproj", "{23327175-24DF-48D1-9BC1-4C2ED55189EB}"
EndProject
Project("{FAE04EC0-301F-11D3-BF4B-00C04F79EFBC}") = "Extensions", "Extensions\Extensions.csproj", "{D53B6462-5FF1-457F-BD26-646B1D6CB737}"
EndProject
Project("{FAE04EC0-301F-11D3-BF4B-00C04F79EFBC}") = "Resources", "Resources\Resources.csproj", "{12738F1F-9E42-4DD1-91B0-99C347A42470}"
EndProject
Project("{FAE04EC0-301F-11D3-BF4B-00C04F79EFBC}") = "Contracts.BLL.Base", "Contracts.BLL.Base\Contracts.BLL.Base.csproj", "{1D96753A-6730-44F2-A162-B37B4BCC958D}"
EndProject
Project("{FAE04EC0-301F-11D3-BF4B-00C04F79EFBC}") = "BLL.Base", "BLL.Base\BLL.Base.csproj", "{3B318037-01E0-4507-820F-B7DF919C3700}"
EndProject
Project("{FAE04EC0-301F-11D3-BF4B-00C04F79EFBC}") = "BLL.App", "BLL.App\BLL.App.csproj", "{E3106521-3C19-427E-93E0-188C4E9F62F0}"
EndProject
Project("{FAE04EC0-301F-11D3-BF4B-00C04F79EFBC}") = "Contracts.BLL.App", "Contracts.BLL.App\Contracts.BLL.App.csproj", "{BA593960-203B-4884-A2BE-DB08A7D4E8E8}"
EndProject
Project("{FAE04EC0-301F-11D3-BF4B-00C04F79EFBC}") = "BLL.App.DTO", "BLL.App.DTO\BLL.App.DTO.csproj", "{A76C7FC7-F65F-41CE-925B-313A5CC2040B}"
EndProject
Project("{FAE04EC0-301F-11D3-BF4B-00C04F79EFBC}") = "DAL.App.DTO", "DAL.App.DTO\DAL.App.DTO.csproj", "{DF87D7D7-E2E1-4BB1-A0B4-A10D0EB93469}"
EndProject
Project("{2150E333-8FDC-42A3-9474-1A3956D46DE8}") = "BLL", "BLL", "{F8D87AC9-E2E4-45E1-A720-D0B5B7E39D8E}"
EndProject
Project("{2150E333-8FDC-42A3-9474-1A3956D46DE8}") = "DAL", "DAL", "{EDE2B95F-D8F5-4517-9946-8A6EB709AEF9}"
EndProject
Global
	GlobalSection(SolutionConfigurationPlatforms) = preSolution
		Debug|Any CPU = Debug|Any CPU
		Release|Any CPU = Release|Any CPU
	EndGlobalSection
	GlobalSection(ProjectConfigurationPlatforms) = postSolution
		{19A308B2-04E9-44DA-9291-E2C0BC3C8621}.Debug|Any CPU.ActiveCfg = Debug|Any CPU
		{19A308B2-04E9-44DA-9291-E2C0BC3C8621}.Debug|Any CPU.Build.0 = Debug|Any CPU
		{19A308B2-04E9-44DA-9291-E2C0BC3C8621}.Release|Any CPU.ActiveCfg = Release|Any CPU
		{19A308B2-04E9-44DA-9291-E2C0BC3C8621}.Release|Any CPU.Build.0 = Release|Any CPU
		{F60600BD-8026-4E7C-95F6-B94CCD5730C4}.Debug|Any CPU.ActiveCfg = Debug|Any CPU
		{F60600BD-8026-4E7C-95F6-B94CCD5730C4}.Debug|Any CPU.Build.0 = Debug|Any CPU
		{F60600BD-8026-4E7C-95F6-B94CCD5730C4}.Release|Any CPU.ActiveCfg = Release|Any CPU
		{F60600BD-8026-4E7C-95F6-B94CCD5730C4}.Release|Any CPU.Build.0 = Release|Any CPU
		{CCC76FF0-D88D-4C64-84C0-AE7B8BD9F3CD}.Debug|Any CPU.ActiveCfg = Debug|Any CPU
		{CCC76FF0-D88D-4C64-84C0-AE7B8BD9F3CD}.Debug|Any CPU.Build.0 = Debug|Any CPU
		{CCC76FF0-D88D-4C64-84C0-AE7B8BD9F3CD}.Release|Any CPU.ActiveCfg = Release|Any CPU
		{CCC76FF0-D88D-4C64-84C0-AE7B8BD9F3CD}.Release|Any CPU.Build.0 = Release|Any CPU
		{E018D38D-65B1-48B7-9171-E8C3D3CE6305}.Debug|Any CPU.ActiveCfg = Debug|Any CPU
		{E018D38D-65B1-48B7-9171-E8C3D3CE6305}.Debug|Any CPU.Build.0 = Debug|Any CPU
		{E018D38D-65B1-48B7-9171-E8C3D3CE6305}.Release|Any CPU.ActiveCfg = Release|Any CPU
		{E018D38D-65B1-48B7-9171-E8C3D3CE6305}.Release|Any CPU.Build.0 = Release|Any CPU
		{23327175-24DF-48D1-9BC1-4C2ED55189EB}.Debug|Any CPU.ActiveCfg = Debug|Any CPU
		{23327175-24DF-48D1-9BC1-4C2ED55189EB}.Debug|Any CPU.Build.0 = Debug|Any CPU
		{23327175-24DF-48D1-9BC1-4C2ED55189EB}.Release|Any CPU.ActiveCfg = Release|Any CPU
		{23327175-24DF-48D1-9BC1-4C2ED55189EB}.Release|Any CPU.Build.0 = Release|Any CPU
		{D53B6462-5FF1-457F-BD26-646B1D6CB737}.Debug|Any CPU.ActiveCfg = Debug|Any CPU
		{D53B6462-5FF1-457F-BD26-646B1D6CB737}.Debug|Any CPU.Build.0 = Debug|Any CPU
		{D53B6462-5FF1-457F-BD26-646B1D6CB737}.Release|Any CPU.ActiveCfg = Release|Any CPU
		{D53B6462-5FF1-457F-BD26-646B1D6CB737}.Release|Any CPU.Build.0 = Release|Any CPU
		{12738F1F-9E42-4DD1-91B0-99C347A42470}.Debug|Any CPU.ActiveCfg = Debug|Any CPU
		{12738F1F-9E42-4DD1-91B0-99C347A42470}.Debug|Any CPU.Build.0 = Debug|Any CPU
		{12738F1F-9E42-4DD1-91B0-99C347A42470}.Release|Any CPU.ActiveCfg = Release|Any CPU
		{12738F1F-9E42-4DD1-91B0-99C347A42470}.Release|Any CPU.Build.0 = Release|Any CPU
		{1D96753A-6730-44F2-A162-B37B4BCC958D}.Debug|Any CPU.ActiveCfg = Debug|Any CPU
		{1D96753A-6730-44F2-A162-B37B4BCC958D}.Debug|Any CPU.Build.0 = Debug|Any CPU
		{1D96753A-6730-44F2-A162-B37B4BCC958D}.Release|Any CPU.ActiveCfg = Release|Any CPU
		{1D96753A-6730-44F2-A162-B37B4BCC958D}.Release|Any CPU.Build.0 = Release|Any CPU
		{3B318037-01E0-4507-820F-B7DF919C3700}.Debug|Any CPU.ActiveCfg = Debug|Any CPU
		{3B318037-01E0-4507-820F-B7DF919C3700}.Debug|Any CPU.Build.0 = Debug|Any CPU
		{3B318037-01E0-4507-820F-B7DF919C3700}.Release|Any CPU.ActiveCfg = Release|Any CPU
		{3B318037-01E0-4507-820F-B7DF919C3700}.Release|Any CPU.Build.0 = Release|Any CPU
		{E3106521-3C19-427E-93E0-188C4E9F62F0}.Debug|Any CPU.ActiveCfg = Debug|Any CPU
		{E3106521-3C19-427E-93E0-188C4E9F62F0}.Debug|Any CPU.Build.0 = Debug|Any CPU
		{E3106521-3C19-427E-93E0-188C4E9F62F0}.Release|Any CPU.ActiveCfg = Release|Any CPU
		{E3106521-3C19-427E-93E0-188C4E9F62F0}.Release|Any CPU.Build.0 = Release|Any CPU
		{BA593960-203B-4884-A2BE-DB08A7D4E8E8}.Debug|Any CPU.ActiveCfg = Debug|Any CPU
		{BA593960-203B-4884-A2BE-DB08A7D4E8E8}.Debug|Any CPU.Build.0 = Debug|Any CPU
		{BA593960-203B-4884-A2BE-DB08A7D4E8E8}.Release|Any CPU.ActiveCfg = Release|Any CPU
		{BA593960-203B-4884-A2BE-DB08A7D4E8E8}.Release|Any CPU.Build.0 = Release|Any CPU
		{A76C7FC7-F65F-41CE-925B-313A5CC2040B}.Debug|Any CPU.ActiveCfg = Debug|Any CPU
		{A76C7FC7-F65F-41CE-925B-313A5CC2040B}.Debug|Any CPU.Build.0 = Debug|Any CPU
		{A76C7FC7-F65F-41CE-925B-313A5CC2040B}.Release|Any CPU.ActiveCfg = Release|Any CPU
		{A76C7FC7-F65F-41CE-925B-313A5CC2040B}.Release|Any CPU.Build.0 = Release|Any CPU
		{DF87D7D7-E2E1-4BB1-A0B4-A10D0EB93469}.Debug|Any CPU.ActiveCfg = Debug|Any CPU
		{DF87D7D7-E2E1-4BB1-A0B4-A10D0EB93469}.Debug|Any CPU.Build.0 = Debug|Any CPU
		{DF87D7D7-E2E1-4BB1-A0B4-A10D0EB93469}.Release|Any CPU.ActiveCfg = Release|Any CPU
		{DF87D7D7-E2E1-4BB1-A0B4-A10D0EB93469}.Release|Any CPU.Build.0 = Release|Any CPU
	EndGlobalSection
	GlobalSection(NestedProjects) = preSolution
		{E3106521-3C19-427E-93E0-188C4E9F62F0} = {F8D87AC9-E2E4-45E1-A720-D0B5B7E39D8E}
		{A76C7FC7-F65F-41CE-925B-313A5CC2040B} = {F8D87AC9-E2E4-45E1-A720-D0B5B7E39D8E}
		{3B318037-01E0-4507-820F-B7DF919C3700} = {F8D87AC9-E2E4-45E1-A720-D0B5B7E39D8E}
		{BA593960-203B-4884-A2BE-DB08A7D4E8E8} = {F8D87AC9-E2E4-45E1-A720-D0B5B7E39D8E}
		{1D96753A-6730-44F2-A162-B37B4BCC958D} = {F8D87AC9-E2E4-45E1-A720-D0B5B7E39D8E}
		{E018D38D-65B1-48B7-9171-E8C3D3CE6305} = {EDE2B95F-D8F5-4517-9946-8A6EB709AEF9}
		{DF87D7D7-E2E1-4BB1-A0B4-A10D0EB93469} = {EDE2B95F-D8F5-4517-9946-8A6EB709AEF9}
		{F60600BD-8026-4E7C-95F6-B94CCD5730C4} = {EDE2B95F-D8F5-4517-9946-8A6EB709AEF9}
	EndGlobalSection
EndGlobal
